
Microsoft Visual Studio Solution File, Format Version 12.00
# Visual Studio Version 17
VisualStudioVersion = 17.5.002.0
MinimumVisualStudioVersion = 10.0.40219.1
Project("{9A19103F-16F7-4668-BE54-9A1E7A4F7556}") = "minimal-api", "minimal-api.csproj", "{355F1D25-B39B-47AD-9410-3786E4B989E8}"
EndProject
Global
	GlobalSection(SolutionConfigurationPlatforms) = preSolution
		Debug|Any CPU = Debug|Any CPU
		Release|Any CPU = Release|Any CPU
	EndGlobalSection
	GlobalSection(ProjectConfigurationPlatforms) = postSolution
		{355F1D25-B39B-47AD-9410-3786E4B989E8}.Debug|Any CPU.ActiveCfg = Debug|Any CPU
		{355F1D25-B39B-47AD-9410-3786E4B989E8}.Debug|Any CPU.Build.0 = Debug|Any CPU
		{355F1D25-B39B-47AD-9410-3786E4B989E8}.Release|Any CPU.ActiveCfg = Release|Any CPU
		{355F1D25-B39B-47AD-9410-3786E4B989E8}.Release|Any CPU.Build.0 = Release|Any CPU
	EndGlobalSection
	GlobalSection(SolutionProperties) = preSolution
		HideSolutionNode = FALSE
	EndGlobalSection
	GlobalSection(ExtensibilityGlobals) = postSolution
		SolutionGuid = {6072D975-5008-4422-886E-5DB22D9921EF}
	EndGlobalSection
EndGlobal
